// !$*UTF8*$!
{
	archiveVersion = 1;
	classes = {
	};
	objectVersion = 50;
	objects = {

/* Begin PBXBuildFile section */
		BE25025C24A6AFEA00BD5802 /* Route.swift in Sources */ = {isa = PBXBuildFile; fileRef = BE25025B24A6AFEA00BD5802 /* Route.swift */; };
		BE48F84724A517A600610F5E /* AppDelegate.swift in Sources */ = {isa = PBXBuildFile; fileRef = BE48F84624A517A600610F5E /* AppDelegate.swift */; };
		BE48F84924A517A600610F5E /* SceneDelegate.swift in Sources */ = {isa = PBXBuildFile; fileRef = BE48F84824A517A600610F5E /* SceneDelegate.swift */; };
		BE48F84B24A517A600610F5E /* ViewController.swift in Sources */ = {isa = PBXBuildFile; fileRef = BE48F84A24A517A600610F5E /* ViewController.swift */; };
		BE48F84E24A517A600610F5E /* Main.storyboard in Resources */ = {isa = PBXBuildFile; fileRef = BE48F84C24A517A600610F5E /* Main.storyboard */; };
		BE48F85024A517B000610F5E /* Assets.xcassets in Resources */ = {isa = PBXBuildFile; fileRef = BE48F84F24A517B000610F5E /* Assets.xcassets */; };
		BE48F85324A517B000610F5E /* LaunchScreen.storyboard in Resources */ = {isa = PBXBuildFile; fileRef = BE48F85124A517B000610F5E /* LaunchScreen.storyboard */; };
		BE48F85E24A51A1100610F5E /* RoundButton.swift in Sources */ = {isa = PBXBuildFile; fileRef = BE48F85D24A51A1100610F5E /* RoundButton.swift */; };
/* End PBXBuildFile section */

/* Begin PBXFileReference section */
		BE25025B24A6AFEA00BD5802 /* Route.swift */ = {isa = PBXFileReference; lastKnownFileType = sourcecode.swift; path = Route.swift; sourceTree = "<group>"; };
		BE48F84324A517A600610F5E /* RouteView.app */ = {isa = PBXFileReference; explicitFileType = wrapper.application; includeInIndex = 0; path = RouteView.app; sourceTree = BUILT_PRODUCTS_DIR; };
		BE48F84624A517A600610F5E /* AppDelegate.swift */ = {isa = PBXFileReference; lastKnownFileType = sourcecode.swift; path = AppDelegate.swift; sourceTree = "<group>"; };
		BE48F84824A517A600610F5E /* SceneDelegate.swift */ = {isa = PBXFileReference; lastKnownFileType = sourcecode.swift; path = SceneDelegate.swift; sourceTree = "<group>"; };
		BE48F84A24A517A600610F5E /* ViewController.swift */ = {isa = PBXFileReference; lastKnownFileType = sourcecode.swift; path = ViewController.swift; sourceTree = "<group>"; };
		BE48F84D24A517A600610F5E /* Base */ = {isa = PBXFileReference; lastKnownFileType = file.storyboard; name = Base; path = Base.lproj/Main.storyboard; sourceTree = "<group>"; };
		BE48F84F24A517B000610F5E /* Assets.xcassets */ = {isa = PBXFileReference; lastKnownFileType = folder.assetcatalog; path = Assets.xcassets; sourceTree = "<group>"; };
		BE48F85224A517B000610F5E /* Base */ = {isa = PBXFileReference; lastKnownFileType = file.storyboard; name = Base; path = Base.lproj/LaunchScreen.storyboard; sourceTree = "<group>"; };
		BE48F85424A517B000610F5E /* Info.plist */ = {isa = PBXFileReference; lastKnownFileType = text.plist.xml; path = Info.plist; sourceTree = "<group>"; };
		BE48F85D24A51A1100610F5E /* RoundButton.swift */ = {isa = PBXFileReference; lastKnownFileType = sourcecode.swift; path = RoundButton.swift; sourceTree = "<group>"; };
/* End PBXFileReference section */

/* Begin PBXFrameworksBuildPhase section */
		BE48F84024A517A600610F5E /* Frameworks */ = {
			isa = PBXFrameworksBuildPhase;
			buildActionMask = 2147483647;
			files = (
			);
			runOnlyForDeploymentPostprocessing = 0;
		};
/* End PBXFrameworksBuildPhase section */

/* Begin PBXGroup section */
		BE48F83A24A517A500610F5E = {
			isa = PBXGroup;
			children = (
				BE48F84524A517A600610F5E /* RouteView */,
				BE48F84424A517A600610F5E /* Products */,
			);
			sourceTree = "<group>";
		};
		BE48F84424A517A600610F5E /* Products */ = {
			isa = PBXGroup;
			children = (
				BE48F84324A517A600610F5E /* RouteView.app */,
			);
			name = Products;
			sourceTree = "<group>";
		};
		BE48F84524A517A600610F5E /* RouteView */ = {
			isa = PBXGroup;
			children = (
				BE48F84624A517A600610F5E /* AppDelegate.swift */,
				BE48F84824A517A600610F5E /* SceneDelegate.swift */,
				BE48F85C24A519D800610F5E /* Model */,
				BE48F85A24A519C000610F5E /* Controller */,
				BE48F85B24A519CE00610F5E /* View */,
				BE48F84F24A517B000610F5E /* Assets.xcassets */,
				BE48F85124A517B000610F5E /* LaunchScreen.storyboard */,
				BE48F85424A517B000610F5E /* Info.plist */,
			);
			path = RouteView;
			sourceTree = "<group>";
		};
		BE48F85A24A519C000610F5E /* Controller */ = {
			isa = PBXGroup;
			children = (
				BE48F84A24A517A600610F5E /* ViewController.swift */,
			);
			path = Controller;
			sourceTree = "<group>";
		};
		BE48F85B24A519CE00610F5E /* View */ = {
			isa = PBXGroup;
			children = (
				BE48F84C24A517A600610F5E /* Main.storyboard */,
				BE48F85D24A51A1100610F5E /* RoundButton.swift */,
			);
			path = View;
			sourceTree = "<group>";
		};
		BE48F85C24A519D800610F5E /* Model */ = {
			isa = PBXGroup;
			children = (
				BE25025B24A6AFEA00BD5802 /* Route.swift */,
			);
			path = Model;
			sourceTree = "<group>";
		};
/* End PBXGroup section */

/* Begin PBXNativeTarget section */
		BE48F84224A517A600610F5E /* RouteView */ = {
			isa = PBXNativeTarget;
			buildConfigurationList = BE48F85724A517B000610F5E /* Build configuration list for PBXNativeTarget "RouteView" */;
			buildPhases = (
				BE48F83F24A517A600610F5E /* Sources */,
				BE48F84024A517A600610F5E /* Frameworks */,
				BE48F84124A517A600610F5E /* Resources */,
			);
			buildRules = (
			);
			dependencies = (
			);
			name = RouteView;
			productName = RouteView;
			productReference = BE48F84324A517A600610F5E /* RouteView.app */;
			productType = "com.apple.product-type.application";
		};
/* End PBXNativeTarget section */

/* Begin PBXProject section */
		BE48F83B24A517A600610F5E /* Project object */ = {
			isa = PBXProject;
			attributes = {
				LastSwiftUpdateCheck = 1130;
				LastUpgradeCheck = 1130;
				ORGANIZATIONNAME = "Kismet Development";
				TargetAttributes = {
					BE48F84224A517A600610F5E = {
						CreatedOnToolsVersion = 11.3.1;
					};
				};
			};
			buildConfigurationList = BE48F83E24A517A600610F5E /* Build configuration list for PBXProject "RouteView" */;
			compatibilityVersion = "Xcode 9.3";
			developmentRegion = en;
			hasScannedForEncodings = 0;
			knownRegions = (
				en,
				Base,
			);
			mainGroup = BE48F83A24A517A500610F5E;
			productRefGroup = BE48F84424A517A600610F5E /* Products */;
			projectDirPath = "";
			projectRoot = "";
			targets = (
				BE48F84224A517A600610F5E /* RouteView */,
			);
		};
/* End PBXProject section */

/* Begin PBXResourcesBuildPhase section */
		BE48F84124A517A600610F5E /* Resources */ = {
			isa = PBXResourcesBuildPhase;
			buildActionMask = 2147483647;
			files = (
				BE48F85324A517B000610F5E /* LaunchScreen.storyboard in Resources */,
				BE48F85024A517B000610F5E /* Assets.xcassets in Resources */,
				BE48F84E24A517A600610F5E /* Main.storyboard in Resources */,
			);
			runOnlyForDeploymentPostprocessing = 0;
		};
/* End PBXResourcesBuildPhase section */

/* Begin PBXSourcesBuildPhase section */
		BE48F83F24A517A600610F5E /* Sources */ = {
			isa = PBXSourcesBuildPhase;
			buildActionMask = 2147483647;
			files = (
				BE48F85E24A51A1100610F5E /* RoundButton.swift in Sources */,
				BE48F84B24A517A600610F5E /* ViewController.swift in Sources */,
				BE25025C24A6AFEA00BD5802 /* Route.swift in Sources */,
				BE48F84724A517A600610F5E /* AppDelegate.swift in Sources */,
				BE48F84924A517A600610F5E /* SceneDelegate.swift in Sources */,
			);
			runOnlyForDeploymentPostprocessing = 0;
		};
/* End PBXSourcesBuildPhase section */

/* Begin PBXVariantGroup section */
		BE48F84C24A517A600610F5E /* Main.storyboard */ = {
			isa = PBXVariantGroup;
			children = (
				BE48F84D24A517A600610F5E /* Base */,
			);
			name = Main.storyboard;
			sourceTree = "<group>";
		};
		BE48F85124A517B000610F5E /* LaunchScreen.storyboard */ = {
			isa = PBXVariantGroup;
			children = (
				BE48F85224A517B000610F5E /* Base */,
			);
			name = LaunchScreen.storyboard;
			sourceTree = "<group>";
		};
/* End PBXVariantGroup section */

/* Begin XCBuildConfiguration section */
		BE48F85524A517B000610F5E /* Debug */ = {
			isa = XCBuildConfiguration;
			buildSettings = {
				ALWAYS_SEARCH_USER_PATHS = NO;
				CLANG_ANALYZER_NONNULL = YES;
				CLANG_ANALYZER_NUMBER_OBJECT_CONVERSION = YES_AGGRESSIVE;
				CLANG_CXX_LANGUAGE_STANDARD = "gnu++14";
				CLANG_CXX_LIBRARY = "libc++";
				CLANG_ENABLE_MODULES = YES;
				CLANG_ENABLE_OBJC_ARC = YES;
				CLANG_ENABLE_OBJC_WEAK = YES;
				CLANG_WARN_BLOCK_CAPTURE_AUTORELEASING = YES;
				CLANG_WARN_BOOL_CONVERSION = YES;
				CLANG_WARN_COMMA = YES;
				CLANG_WARN_CONSTANT_CONVERSION = YES;
				CLANG_WARN_DEPRECATED_OBJC_IMPLEMENTATIONS = YES;
				CLANG_WARN_DIRECT_OBJC_ISA_USAGE = YES_ERROR;
				CLANG_WARN_DOCUMENTATION_COMMENTS = YES;
				CLANG_WARN_EMPTY_BODY = YES;
				CLANG_WARN_ENUM_CONVERSION = YES;
				CLANG_WARN_INFINITE_RECURSION = YES;
				CLANG_WARN_INT_CONVERSION = YES;
				CLANG_WARN_NON_LITERAL_NULL_CONVERSION = YES;
				CLANG_WARN_OBJC_IMPLICIT_RETAIN_SELF = YES;
				CLANG_WARN_OBJC_LITERAL_CONVERSION = YES;
				CLANG_WARN_OBJC_ROOT_CLASS = YES_ERROR;
				CLANG_WARN_RANGE_LOOP_ANALYSIS = YES;
				CLANG_WARN_STRICT_PROTOTYPES = YES;
				CLANG_WARN_SUSPICIOUS_MOVE = YES;
				CLANG_WARN_UNGUARDED_AVAILABILITY = YES_AGGRESSIVE;
				CLANG_WARN_UNREACHABLE_CODE = YES;
				CLANG_WARN__DUPLICATE_METHOD_MATCH = YES;
				COPY_PHASE_STRIP = NO;
				DEBUG_INFORMATION_FORMAT = dwarf;
				ENABLE_STRICT_OBJC_MSGSEND = YES;
				ENABLE_TESTABILITY = YES;
				GCC_C_LANGUAGE_STANDARD = gnu11;
				GCC_DYNAMIC_NO_PIC = NO;
				GCC_NO_COMMON_BLOCKS = YES;
				GCC_OPTIMIZATION_LEVEL = 0;
				GCC_PREPROCESSOR_DEFINITIONS = (
					"DEBUG=1",
					"$(inherited)",
				);
				GCC_WARN_64_TO_32_BIT_CONVERSION = YES;
				GCC_WARN_ABOUT_RETURN_TYPE = YES_ERROR;
				GCC_WARN_UNDECLARED_SELECTOR = YES;
				GCC_WARN_UNINITIALIZED_AUTOS = YES_AGGRESSIVE;
				GCC_WARN_UNUSED_FUNCTION = YES;
				GCC_WARN_UNUSED_VARIABLE = YES;
				IPHONEOS_DEPLOYMENT_TARGET = 13.2;
				MTL_ENABLE_DEBUG_INFO = INCLUDE_SOURCE;
				MTL_FAST_MATH = YES;
				ONLY_ACTIVE_ARCH = YES;
				SDKROOT = iphoneos;
				SWIFT_ACTIVE_COMPILATION_CONDITIONS = DEBUG;
				SWIFT_OPTIMIZATION_LEVEL = "-Onone";
			};
			name = Debug;
		};
		BE48F85624A517B000610F5E /* Release */ = {
			isa = XCBuildConfiguration;
			buildSettings = {
				ALWAYS_SEARCH_USER_PATHS = NO;
				CLANG_ANALYZER_NONNULL = YES;
				CLANG_ANALYZER_NUMBER_OBJECT_CONVERSION = YES_AGGRESSIVE;
				CLANG_CXX_LANGUAGE_STANDARD = "gnu++14";
				CLANG_CXX_LIBRARY = "libc++";
				CLANG_ENABLE_MODULES = YES;
				CLANG_ENABLE_OBJC_ARC = YES;
				CLANG_ENABLE_OBJC_WEAK = YES;
				CLANG_WARN_BLOCK_CAPTURE_AUTORELEASING = YES;
				CLANG_WARN_BOOL_CONVERSION = YES;
				CLANG_WARN_COMMA = YES;
				CLANG_WARN_CONSTANT_CONVERSION = YES;
				CLANG_WARN_DEPRECATED_OBJC_IMPLEMENTATIONS = YES;
				CLANG_WARN_DIRECT_OBJC_ISA_USAGE = YES_ERROR;
				CLANG_WARN_DOCUMENTATION_COMMENTS = YES;
				CLANG_WARN_EMPTY_BODY = YES;
				CLANG_WARN_ENUM_CONVERSION = YES;
				CLANG_WARN_INFINITE_RECURSION = YES;
				CLANG_WARN_INT_CONVERSION = YES;
				CLANG_WARN_NON_LITERAL_NULL_CONVERSION = YES;
				CLANG_WARN_OBJC_IMPLICIT_RETAIN_SELF = YES;
				CLANG_WARN_OBJC_LITERAL_CONVERSION = YES;
				CLANG_WARN_OBJC_ROOT_CLASS = YES_ERROR;
				CLANG_WARN_RANGE_LOOP_ANALYSIS = YES;
				CLANG_WARN_STRICT_PROTOTYPES = YES;
				CLANG_WARN_SUSPICIOUS_MOVE = YES;
				CLANG_WARN_UNGUARDED_AVAILABILITY = YES_AGGRESSIVE;
				CLANG_WARN_UNREACHABLE_CODE = YES;
				CLANG_WARN__DUPLICATE_METHOD_MATCH = YES;
				COPY_PHASE_STRIP = NO;
				DEBUG_INFORMATION_FORMAT = "dwarf-with-dsym";
				ENABLE_NS_ASSERTIONS = NO;
				ENABLE_STRICT_OBJC_MSGSEND = YES;
				GCC_C_LANGUAGE_STANDARD = gnu11;
				GCC_NO_COMMON_BLOCKS = YES;
				GCC_WARN_64_TO_32_BIT_CONVERSION = YES;
				GCC_WARN_ABOUT_RETURN_TYPE = YES_ERROR;
				GCC_WARN_UNDECLARED_SELECTOR = YES;
				GCC_WARN_UNINITIALIZED_AUTOS = YES_AGGRESSIVE;
				GCC_WARN_UNUSED_FUNCTION = YES;
				GCC_WARN_UNUSED_VARIABLE = YES;
				IPHONEOS_DEPLOYMENT_TARGET = 13.2;
				MTL_ENABLE_DEBUG_INFO = NO;
				MTL_FAST_MATH = YES;
				SDKROOT = iphoneos;
				SWIFT_COMPILATION_MODE = wholemodule;
				SWIFT_OPTIMIZATION_LEVEL = "-O";
				VALIDATE_PRODUCT = YES;
			};
			name = Release;
		};
		BE48F85824A517B000610F5E /* Debug */ = {
			isa = XCBuildConfiguration;
			buildSettings = {
				ASSETCATALOG_COMPILER_APPICON_NAME = AppIcon;
				CODE_SIGN_STYLE = Automatic;
				DEVELOPMENT_TEAM = B5D85LZH9D;
				INFOPLIST_FILE = RouteView/Info.plist;
				LD_RUNPATH_SEARCH_PATHS = (
					"$(inherited)",
					"@executable_path/Frameworks",
				);
				PRODUCT_BUNDLE_IDENTIFIER = com.kismetdevelopment.RouteView;
				PRODUCT_NAME = "$(TARGET_NAME)";
				SWIFT_VERSION = 5.0;
				TARGETED_DEVICE_FAMILY = "1,2";
			};
			name = Debug;
		};
		BE48F85924A517B000610F5E /* Release */ = {
			isa = XCBuildConfiguration;
			buildSettings = {
				ASSETCATALOG_COMPILER_APPICON_NAME = AppIcon;
				CODE_SIGN_STYLE = Automatic;
				DEVELOPMENT_TEAM = B5D85LZH9D;
				INFOPLIST_FILE = RouteView/Info.plist;
				LD_RUNPATH_SEARCH_PATHS = (
					"$(inherited)",
					"@executable_path/Frameworks",
				);
				PRODUCT_BUNDLE_IDENTIFIER = com.kismetdevelopment.RouteView;
				PRODUCT_NAME = "$(TARGET_NAME)";
				SWIFT_VERSION = 5.0;
				TARGETED_DEVICE_FAMILY = "1,2";
			};
			name = Release;
		};
/* End XCBuildConfiguration section */

/* Begin XCConfigurationList section */
		BE48F83E24A517A600610F5E /* Build configuration list for PBXProject "RouteView" */ = {
			isa = XCConfigurationList;
			buildConfigurations = (
				BE48F85524A517B000610F5E /* Debug */,
				BE48F85624A517B000610F5E /* Release */,
			);
			defaultConfigurationIsVisible = 0;
			defaultConfigurationName = Release;
		};
		BE48F85724A517B000610F5E /* Build configuration list for PBXNativeTarget "RouteView" */ = {
			isa = XCConfigurationList;
			buildConfigurations = (
				BE48F85824A517B000610F5E /* Debug */,
				BE48F85924A517B000610F5E /* Release */,
			);
			defaultConfigurationIsVisible = 0;
			defaultConfigurationName = Release;
		};
/* End XCConfigurationList section */
	};
	rootObject = BE48F83B24A517A600610F5E /* Project object */;
}
